# This file is autogenerated, do not edit; changes may be undone by the next 'dep ensure'.


[[projects]]
  digest = "1:f25dfe4538112147d22e4c8437efbc2e216112bec37277534ffe146935064ea8"
  name = "github.com/beevik/etree"
  packages = ["."]
  pruneopts = "UT"
  revision = "9d7e8feddccb4ed1b8afb54e368bd323d2ff652c"
  version = "v1.0.1"

[[projects]]
  digest = "1:fdae1c338ec6667687fb3fdbde842b3c421c930163981b5d441502b240b7f50b"
  name = "github.com/dchest/uniuri"
  packages = ["."]
  pruneopts = "UT"
  revision = "8902c56451e9b58ff940bbe5fec35d5f9c04584a"

[[projects]]
  digest = "1:76dc72490af7174349349838f2fe118996381b31ea83243812a97e5a0fd5ed55"
  name = "github.com/dgrijalva/jwt-go"
  packages = ["."]
  pruneopts = "UT"
  revision = "06ea1031745cb8b3dab3f6a236daf2b0aa468b7e"
  version = "v3.2.0"

[[projects]]
  digest = "1:75ab90ae3f5d876167e60f493beadfe66f0ed861a710f283fb06c86437a09538"
  name = "github.com/jonboulle/clockwork"
  packages = ["."]
  pruneopts = "UT"
  revision = "2eee05ed794112d45db504eb05aa693efd2b8b09"
  version = "v0.1.0"

[[projects]]
  digest = "1:06d94e582555f421565b117d324d2098f9e666a0bccf545bfb4eb0cc6bdc1b6e"
  name = "github.com/kr/pretty"
  packages = ["."]
  pruneopts = "UT"
  revision = "cfb55aafdaf3ec08f0db22699ab822c50091b1c4"

[[projects]]
  digest = "1:d249ec295344198f1d3cb3534dc03204a83f7321b99fa604284e4eec1792ddf5"
  name = "github.com/kr/text"
  packages = ["."]
  pruneopts = "UT"
  revision = "7cafcd837844e784b526369c9bce262804aebc60"

[[projects]]
  digest = "1:3fb8117daf565845e0873faf8bf97cdd7a3bc8f4bd07e46374416bedd6d7fbe3"
  name = "github.com/russellhaering/goxmldsig"
  packages = [
    ".",
    "etreeutils",
    "types",
  ]
  pruneopts = "UT"
  revision = "b7efc6231e45b10bfd779852831c8bb59b350ec5"

[[projects]]
  digest = "1:4429803a6a1d3912cec6587ba0a0cb2a554e94d5bdfbf4106626014588516a06"
  name = "github.com/zenazn/goji"
  packages = [
    ".",
    "bind",
    "graceful",
    "graceful/listener",
    "web",
    "web/middleware",
    "web/mutil",
  ]
  pruneopts = "UT"
  revision = "64eb34159fe53473206c2b3e70fe396a639452f2"
  version = "v1.0"

[[projects]]
  branch = "master"
  digest = "1:0c920bf1a60334b37da6dc4844aa8d5e401851c696f07d7f18459e951a3d7a5a"
  name = "golang.org/x/crypto"
  packages = [
    "bcrypt",
    "blowfish",
    "ripemd160",
  ]
  pruneopts = "UT"
  revision = "c126467f60eb25f8f27e5a981f32a87e3965053f"

[[projects]]
  digest = "1:dcb51660fc1fd7bfa3f45305db912fa587c12c17658fd66b3ab55339b59ffbe6"
  name = "gopkg.in/check.v1"
  packages = ["."]
  pruneopts = "UT"
  revision = "20d25e2804050c1cd24a7eea1e7a6447dd0e74ec"

[solve-meta]
  analyzer-name = "dep"
  analyzer-version = 1
  input-imports = [
    "github.com/beevik/etree",
    "github.com/dchest/uniuri",
    "github.com/dgrijalva/jwt-go",
    "github.com/kr/pretty",
    "github.com/russellhaering/goxmldsig",
    "github.com/russellhaering/goxmldsig/etreeutils",
    "github.com/zenazn/goji",
    "github.com/zenazn/goji/web",
    "golang.org/x/crypto/bcrypt",
    "golang.org/x/crypto/ripemd160",
    "gopkg.in/check.v1",
  ]
  solver-name = "gps-cdcl"
  solver-version = 1
